{
  "pins" : [
    {
      "identity" : "csv.swift",
      "kind" : "remoteSourceControl",
      "location" : "https://github.com/yaslab/CSV.swift",
      "state" : {
        "revision" : "81d2874c51db364d7e1d71b0d99018a294c87ac1",
        "version" : "2.4.3"
      }
    },
    {
      "identity" : "gzipswift",
      "kind" : "remoteSourceControl",
      "location" : "https://github.com/1024jp/GzipSwift",
      "state" : {
        "revision" : "7a7f17761c76a932662ab77028a4329f67d645a4",
        "version" : "5.2.0"
      }
    },
    {
      "identity" : "influxdb-client-swift",
      "kind" : "remoteSourceControl",
      "location" : "https://github.com/influxdata/influxdb-client-swift",
      "state" : {
        "revision" : "bf62a199c945d4898b67ff9a85f7480d8d0f5e54",
        "version" : "1.2.0"
      }
    }
  ],
  "version" : 2
}
